<?xml version="1.0" encoding="utf-8"?>
<Project ToolsVersion="4.0" xmlns="http://schemas.microsoft.com/developer/msbuild/2003">
  <ItemGroup>
    <Filter Include="ソース ファイル">
      <UniqueIdentifier>{4FC737F1-C7A5-4376-A066-2A32D752A2FF}</UniqueIdentifier>
      <Extensions>cpp;c;cc;cxx;c++;cppm;ixx;def;odl;idl;hpj;bat;asm;asmx</Extensions>
    </Filter>
    <Filter Include="ソース ファイル\GameApp">
      <UniqueIdentifier>{c9b549c7-c76f-438c-b9a4-0e67381c5769}</UniqueIdentifier>
    </Filter>
    <Filter Include="ソース ファイル\Constant">
      <UniqueIdentifier>{5826f182-7a65-465d-be74-079a0cfea7e8}</UniqueIdentifier>
    </Filter>
    <Filter Include="ソース ファイル\System">
      <UniqueIdentifier>{461e0b77-949a-4db5-bcd1-f0fbd8c7f5de}</UniqueIdentifier>
    </Filter>
    <Filter Include="ソース ファイル\System\FPS">
      <UniqueIdentifier>{ede05cb5-019a-4789-afe4-3c30fd286fb6}</UniqueIdentifier>
    </Filter>
    <Filter Include="ソース ファイル\Math">
      <UniqueIdentifier>{8470817d-ad20-4836-920d-f36d0bdf78ce}</UniqueIdentifier>
    </Filter>
    <Filter Include="ソース ファイル\Objects">
      <UniqueIdentifier>{71b0dd99-94b7-44b7-95e4-1cae0bee8926}</UniqueIdentifier>
    </Filter>
    <Filter Include="ソース ファイル\Objects\Base">
      <UniqueIdentifier>{7ed5091a-0c11-4301-ac7b-204c9f78022a}</UniqueIdentifier>
    </Filter>
    <Filter Include="ソース ファイル\System\Input">
      <UniqueIdentifier>{8e1fbfca-df37-4158-9994-66baf4a7a451}</UniqueIdentifier>
    </Filter>
    <Filter Include="ソース ファイル\System\Time">
      <UniqueIdentifier>{0bc9b251-f486-424a-8f16-c57de035c044}</UniqueIdentifier>
    </Filter>
  </ItemGroup>
  <ItemGroup>
    <ClCompile Include="Main.cpp">
      <Filter>ソース ファイル</Filter>
    </ClCompile>
    <ClCompile Include="GameApp\GameApp.cpp">
      <Filter>ソース ファイル\GameApp</Filter>
    </ClCompile>
    <ClCompile Include="System\FPS\FrameRateCounter.cpp">
      <Filter>ソース ファイル\System\FPS</Filter>
    </ClCompile>
    <ClCompile Include="System\FPS\FrameRateLimiter.cpp">
      <Filter>ソース ファイル\System\FPS</Filter>
    </ClCompile>
    <ClCompile Include="System\FPS\FrameController.cpp">
      <Filter>ソース ファイル\System\FPS</Filter>
    </ClCompile>
    <ClCompile Include="Objects\Base\ObjectManager.cpp">
      <Filter>ソース ファイル\Objects\Base</Filter>
    </ClCompile>
    <ClCompile Include="Objects\Base\WorldObjectBase.cpp">
      <Filter>ソース ファイル\Objects\Base</Filter>
    </ClCompile>
    <ClCompile Include="System\Time\TimeManager.cpp">
      <Filter>ソース ファイル\System\Time</Filter>
    </ClCompile>
    <ClCompile Include="System\Input\InputManager.cpp">
      <Filter>ソース ファイル\System\Input</Filter>
    </ClCompile>
  </ItemGroup>
  <ItemGroup>
    <ClInclude Include="GameApp\GameApp.h">
      <Filter>ソース ファイル\GameApp</Filter>
    </ClInclude>
    <ClInclude Include="Constant\GameConstant.h">
      <Filter>ソース ファイル\Constant</Filter>
    </ClInclude>
    <ClInclude Include="Constant\SystemConstant.h">
      <Filter>ソース ファイル\Constant</Filter>
    </ClInclude>
    <ClInclude Include="System\FPS\FrameRateCounter.h">
      <Filter>ソース ファイル\System\FPS</Filter>
    </ClInclude>
    <ClInclude Include="System\FPS\FrameRateLimiter.h">
      <Filter>ソース ファイル\System\FPS</Filter>
    </ClInclude>
    <ClInclude Include="System\FPS\FrameController.h">
      <Filter>ソース ファイル\System\FPS</Filter>
    </ClInclude>
    <ClInclude Include="Math\Vector3.h">
      <Filter>ソース ファイル\Math</Filter>
    </ClInclude>
    <ClInclude Include="Math\Vector_Dxlib.h">
      <Filter>ソース ファイル\Math</Filter>
    </ClInclude>
    <ClInclude Include="Math\Vector2.h">
      <Filter>ソース ファイル\Math</Filter>
    </ClInclude>
    <ClInclude Include="Objects\Base\ObjectBase.h">
      <Filter>ソース ファイル\Objects\Base</Filter>
    </ClInclude>
    <ClInclude Include="Objects\Base\ObjectFactory.h">
      <Filter>ソース ファイル\Objects\Base</Filter>
    </ClInclude>
    <ClInclude Include="Objects\Base\ObjectManager.h">
      <Filter>ソース ファイル\Objects\Base</Filter>
    </ClInclude>
    <ClInclude Include="Objects\Base\UIObjectBase.h">
      <Filter>ソース ファイル\Objects\Base</Filter>
    </ClInclude>
    <ClInclude Include="Objects\Base\WorldObjectBase.h">
      <Filter>ソース ファイル\Objects\Base</Filter>
    </ClInclude>
    <ClInclude Include="System\Time\TimeManager.h">
      <Filter>ソース ファイル\System\Time</Filter>
    </ClInclude>
    <ClInclude Include="System\Input\InputManager.h">
      <Filter>ソース ファイル\System\Input</Filter>
    </ClInclude>
    <ClInclude Include="System\Input\GameKey.h">
      <Filter>ソース ファイル\Constant</Filter>
    </ClInclude>
  </ItemGroup>
</Project>